# This file is automatically @generated by Cargo.
# It is not intended for manual editing.
version = 4

[[package]]
name = "hivemind-api"
version = "0.1.0"
dependencies = [
 "hivemind-core",
 "hivemind-net",
]

[[package]]
name = "hivemind-cli"
version = "0.1.0"
dependencies = [
 "hivemind-api",
 "hivemind-core",
 "hivemind-mcp",
 "hivemind-net",
]

[[package]]
name = "hivemind-core"
version = "0.1.0"

[[package]]
name = "hivemind-mcp"
version = "0.1.0"
dependencies = [
 "hivemind-core",
]

[[package]]
name = "hivemind-net"
version = "0.1.0"
dependencies = [
 "hivemind-core",
]
